hash: c074de462b0a6e667f5766563335c9a2eaf1516145f761c578e68563783833e7
updated: 2019-06-07T11:58:06.044198393-07:00
imports:
- name: github.com/gorilla/context
  version: 08b5f424b9271eedf6f9f0ce86cb9396ed337a42
- name: github.com/gorilla/mux
  version: 392c28fe23e1c45ddba891b0320b3b5df220beea
- name: github.com/pkg/errors
  version: ba968bfe8b2f7e042a574c888954fccecfa385b4
testImports:
- name: github.com/davecgh/go-spew
  version: 6d212800a42e8ab5c146b8ace3490ee17e5225f9
  subpackages:
  - spew
- name: github.com/pmezard/go-difflib
  version: d8ed2627bdf02c080bf22230dbb337003b7aba2d
  subpackages:
  - difflib
- name: github.com/stretchr/testify
  version: f35b8ab0b5a2cef36673838d662e249dd9c94686
  subpackages:
  - assert
  - require
- name: golang.org/x/net
  version: 461777fb6f67e8cb9d70cda16573678d085a74cf
  subpackages:
  - html
  - html/atom
  - html/charset
- name: golang.org/x/text
  version: 342b2e1fbaa52c93f31447ad2c6abc048c63e475
  subpackages:
  - encoding
  - encoding/charmap
  - encoding/htmlindex
  - encoding/internal
  - encoding/internal/identifier
  - encoding/japanese
  - encoding/korean
  - encoding/simplifiedchinese
  - encoding/traditionalchinese
  - encoding/unicode
  - internal/language
  - internal/language/compact
  - internal/tag
  - internal/utf8internal
  - language
  - runes
  - transform
